// !$*UTF8*$!
{
	archiveVersion = 1;
	classes = {
	};
	objectVersion = 50;
	objects = {

/* Begin PBXBuildFile section */
		AAB5932F22A4F1BF00FE4735 /* AppDelegate.swift in Sources */ = {isa = PBXBuildFile; fileRef = AAB5932E22A4F1BF00FE4735 /* AppDelegate.swift */; };
		AAB5933122A4F1BF00FE4735 /* ViewController.swift in Sources */ = {isa = PBXBuildFile; fileRef = AAB5933022A4F1BF00FE4735 /* ViewController.swift */; };
		AAB5933422A4F1BF00FE4735 /* Main.storyboard in Resources */ = {isa = PBXBuildFile; fileRef = AAB5933222A4F1BF00FE4735 /* Main.storyboard */; };
		AAB5933622A4F1C100FE4735 /* Assets.xcassets in Resources */ = {isa = PBXBuildFile; fileRef = AAB5933522A4F1C100FE4735 /* Assets.xcassets */; };
		AAB5933922A4F1C100FE4735 /* LaunchScreen.storyboard in Resources */ = {isa = PBXBuildFile; fileRef = AAB5933722A4F1C100FE4735 /* LaunchScreen.storyboard */; };
		AAB5934222A4F36F00FE4735 /* ModelDataHandler.swift in Sources */ = {isa = PBXBuildFile; fileRef = AAB5934122A4F36F00FE4735 /* ModelDataHandler.swift */; };
		AAB5934322A523C700FE4735 /* model.tflite in Resources */ = {isa = PBXBuildFile; fileRef = AAB5934022A4F2BA00FE4735 /* model.tflite */; };
/* End PBXBuildFile section */

/* Begin PBXFileReference section */
		AAB5932B22A4F1BF00FE4735 /* LinearModelSample.app */ = {isa = PBXFileReference; explicitFileType = wrapper.application; includeInIndex = 0; path = LinearModelSample.app; sourceTree = BUILT_PRODUCTS_DIR; };
		AAB5932E22A4F1BF00FE4735 /* AppDelegate.swift */ = {isa = PBXFileReference; lastKnownFileType = sourcecode.swift; path = AppDelegate.swift; sourceTree = "<group>"; };
		AAB5933022A4F1BF00FE4735 /* ViewController.swift */ = {isa = PBXFileReference; lastKnownFileType = sourcecode.swift; path = ViewController.swift; sourceTree = "<group>"; };
		AAB5933322A4F1BF00FE4735 /* Base */ = {isa = PBXFileReference; lastKnownFileType = file.storyboard; name = Base; path = Base.lproj/Main.storyboard; sourceTree = "<group>"; };
		AAB5933522A4F1C100FE4735 /* Assets.xcassets */ = {isa = PBXFileReference; lastKnownFileType = folder.assetcatalog; path = Assets.xcassets; sourceTree = "<group>"; };
		AAB5933822A4F1C100FE4735 /* Base */ = {isa = PBXFileReference; lastKnownFileType = file.storyboard; name = Base; path = Base.lproj/LaunchScreen.storyboard; sourceTree = "<group>"; };
		AAB5933A22A4F1C100FE4735 /* Info.plist */ = {isa = PBXFileReference; lastKnownFileType = text.plist.xml; path = Info.plist; sourceTree = "<group>"; };
		AAB5934022A4F2BA00FE4735 /* model.tflite */ = {isa = PBXFileReference; lastKnownFileType = file; path = model.tflite; sourceTree = "<group>"; };
		AAB5934122A4F36F00FE4735 /* ModelDataHandler.swift */ = {isa = PBXFileReference; lastKnownFileType = sourcecode.swift; path = ModelDataHandler.swift; sourceTree = "<group>"; };
/* End PBXFileReference section */

/* Begin PBXFrameworksBuildPhase section */
		AAB5932822A4F1BF00FE4735 /* Frameworks */ = {
			isa = PBXFrameworksBuildPhase;
			buildActionMask = 2147483647;
			files = (
			);
			runOnlyForDeploymentPostprocessing = 0;
		};
/* End PBXFrameworksBuildPhase section */

/* Begin PBXGroup section */
		AA6222CE22DDDE2F0008F0C0 /* ViewController */ = {
			isa = PBXGroup;
			children = (
				AAB5933022A4F1BF00FE4735 /* ViewController.swift */,
			);
			path = ViewController;
			sourceTree = "<group>";
		};
		AA6222CF22DDDE3B0008F0C0 /* AppDelegate */ = {
			isa = PBXGroup;
			children = (
				AAB5932E22A4F1BF00FE4735 /* AppDelegate.swift */,
			);
			path = AppDelegate;
			sourceTree = "<group>";
		};
		AA6222D022DDDE450008F0C0 /* ModelDataHandler */ = {
			isa = PBXGroup;
			children = (
				AAB5934122A4F36F00FE4735 /* ModelDataHandler.swift */,
			);
			path = ModelDataHandler;
			sourceTree = "<group>";
		};
		AA6222D122DDDE570008F0C0 /* StoryBoards */ = {
			isa = PBXGroup;
			children = (
				AAB5933722A4F1C100FE4735 /* LaunchScreen.storyboard */,
				AAB5933222A4F1BF00FE4735 /* Main.storyboard */,
			);
			path = StoryBoards;
			sourceTree = "<group>";
		};
		AA6222D222DDDE760008F0C0 /* Model */ = {
			isa = PBXGroup;
			children = (
				AAB5934022A4F2BA00FE4735 /* model.tflite */,
			);
			path = Model;
			sourceTree = "<group>";
		};
		AAB5932222A4F1BF00FE4735 = {
			isa = PBXGroup;
			children = (
				AAB5932D22A4F1BF00FE4735 /* LinearModelSample */,
				AAB5932C22A4F1BF00FE4735 /* Products */,
				F5C25F8E80D77CDE68A220E6 /* Frameworks */,
			);
			sourceTree = "<group>";
		};
		AAB5932C22A4F1BF00FE4735 /* Products */ = {
			isa = PBXGroup;
			children = (
				AAB5932B22A4F1BF00FE4735 /* LinearModelSample.app */,
			);
			name = Products;
			sourceTree = "<group>";
		};
		AAB5932D22A4F1BF00FE4735 /* LinearModelSample */ = {
			isa = PBXGroup;
			children = (
				AA6222D222DDDE760008F0C0 /* Model */,
				AA6222D122DDDE570008F0C0 /* StoryBoards */,
				AA6222D022DDDE450008F0C0 /* ModelDataHandler */,
				AA6222CF22DDDE3B0008F0C0 /* AppDelegate */,
				AA6222CE22DDDE2F0008F0C0 /* ViewController */,
				AAB5933522A4F1C100FE4735 /* Assets.xcassets */,
				AAB5933A22A4F1C100FE4735 /* Info.plist */,
			);
			path = LinearModelSample;
			sourceTree = "<group>";
		};
		F5C25F8E80D77CDE68A220E6 /* Frameworks */ = {
			isa = PBXGroup;
			children = (
			);
			name = Frameworks;
			sourceTree = "<group>";
		};
/* End PBXGroup section */

/* Begin PBXNativeTarget section */
		AAB5932A22A4F1BF00FE4735 /* LinearModelSample */ = {
			isa = PBXNativeTarget;
			buildConfigurationList = AAB5933D22A4F1C100FE4735 /* Build configuration list for PBXNativeTarget "LinearModelSample" */;
			buildPhases = (
				AAB5932722A4F1BF00FE4735 /* Sources */,
				AAB5932822A4F1BF00FE4735 /* Frameworks */,
				AAB5932922A4F1BF00FE4735 /* Resources */,
			);
			buildRules = (
			);
			dependencies = (
			);
			name = LinearModelSample;
			productName = LinearModelSample;
			productReference = AAB5932B22A4F1BF00FE4735 /* LinearModelSample.app */;
			productType = "com.apple.product-type.application";
		};
/* End PBXNativeTarget section */

/* Begin PBXProject section */
		AAB5932322A4F1BF00FE4735 /* Project object */ = {
			isa = PBXProject;
			attributes = {
				LastSwiftUpdateCheck = 1010;
				LastUpgradeCheck = 1010;
				ORGANIZATIONNAME = "Y Media Labs";
				TargetAttributes = {
					AAB5932A22A4F1BF00FE4735 = {
						CreatedOnToolsVersion = 10.1;
					};
				};
			};
			buildConfigurationList = AAB5932622A4F1BF00FE4735 /* Build configuration list for PBXProject "LinearModelSample" */;
			compatibilityVersion = "Xcode 9.3";
			developmentRegion = en;
			hasScannedForEncodings = 0;
			knownRegions = (
				en,
				Base,
			);
			mainGroup = AAB5932222A4F1BF00FE4735;
			productRefGroup = AAB5932C22A4F1BF00FE4735 /* Products */;
			projectDirPath = "";
			projectRoot = "";
			targets = (
				AAB5932A22A4F1BF00FE4735 /* LinearModelSample */,
			);
		};
/* End PBXProject section */

/* Begin PBXResourcesBuildPhase section */
		AAB5932922A4F1BF00FE4735 /* Resources */ = {
			isa = PBXResourcesBuildPhase;
			buildActionMask = 2147483647;
			files = (
				AAB5934322A523C700FE4735 /* model.tflite in Resources */,
				AAB5933922A4F1C100FE4735 /* LaunchScreen.storyboard in Resources */,
				AAB5933622A4F1C100FE4735 /* Assets.xcassets in Resources */,
				AAB5933422A4F1BF00FE4735 /* Main.storyboard in Resources */,
			);
			runOnlyForDeploymentPostprocessing = 0;
		};
/* End PBXResourcesBuildPhase section */

/* Begin PBXSourcesBuildPhase section */
		AAB5932722A4F1BF00FE4735 /* Sources */ = {
			isa = PBXSourcesBuildPhase;
			buildActionMask = 2147483647;
			files = (
				AAB5933122A4F1BF00FE4735 /* ViewController.swift in Sources */,
				AAB5932F22A4F1BF00FE4735 /* AppDelegate.swift in Sources */,
				AAB5934222A4F36F00FE4735 /* ModelDataHandler.swift in Sources */,
			);
			runOnlyForDeploymentPostprocessing = 0;
		};
/* End PBXSourcesBuildPhase section */

/* Begin PBXVariantGroup section */
		AAB5933222A4F1BF00FE4735 /* Main.storyboard */ = {
			isa = PBXVariantGroup;
			children = (
				AAB5933322A4F1BF00FE4735 /* Base */,
			);
			name = Main.storyboard;
			sourceTree = "<group>";
		};
		AAB5933722A4F1C100FE4735 /* LaunchScreen.storyboard */ = {
			isa = PBXVariantGroup;
			children = (
				AAB5933822A4F1C100FE4735 /* Base */,
			);
			name = LaunchScreen.storyboard;
			sourceTree = "<group>";
		};
/* End PBXVariantGroup section */

/* Begin XCBuildConfiguration section */
		AAB5933B22A4F1C100FE4735 /* Debug */ = {
			isa = XCBuildConfiguration;
			buildSettings = {
				ALWAYS_SEARCH_USER_PATHS = NO;
				CLANG_ANALYZER_NONNULL = YES;
				CLANG_ANALYZER_NUMBER_OBJECT_CONVERSION = YES_AGGRESSIVE;
				CLANG_CXX_LANGUAGE_STANDARD = "gnu++14";
				CLANG_CXX_LIBRARY = "libc++";
				CLANG_ENABLE_MODULES = YES;
				CLANG_ENABLE_OBJC_ARC = YES;
				CLANG_ENABLE_OBJC_WEAK = YES;
				CLANG_WARN_BLOCK_CAPTURE_AUTORELEASING = YES;
				CLANG_WARN_BOOL_CONVERSION = YES;
				CLANG_WARN_COMMA = YES;
				CLANG_WARN_CONSTANT_CONVERSION = YES;
				CLANG_WARN_DEPRECATED_OBJC_IMPLEMENTATIONS = YES;
				CLANG_WARN_DIRECT_OBJC_ISA_USAGE = YES_ERROR;
				CLANG_WARN_DOCUMENTATION_COMMENTS = YES;
				CLANG_WARN_EMPTY_BODY = YES;
				CLANG_WARN_ENUM_CONVERSION = YES;
				CLANG_WARN_INFINITE_RECURSION = YES;
				CLANG_WARN_INT_CONVERSION = YES;
				CLANG_WARN_NON_LITERAL_NULL_CONVERSION = YES;
				CLANG_WARN_OBJC_IMPLICIT_RETAIN_SELF = YES;
				CLANG_WARN_OBJC_LITERAL_CONVERSION = YES;
				CLANG_WARN_OBJC_ROOT_CLASS = YES_ERROR;
				CLANG_WARN_RANGE_LOOP_ANALYSIS = YES;
				CLANG_WARN_STRICT_PROTOTYPES = YES;
				CLANG_WARN_SUSPICIOUS_MOVE = YES;
				CLANG_WARN_UNGUARDED_AVAILABILITY = YES_AGGRESSIVE;
				CLANG_WARN_UNREACHABLE_CODE = YES;
				CLANG_WARN__DUPLICATE_METHOD_MATCH = YES;
				CODE_SIGN_IDENTITY = "iPhone Developer";
				COPY_PHASE_STRIP = NO;
				DEBUG_INFORMATION_FORMAT = dwarf;
				ENABLE_STRICT_OBJC_MSGSEND = YES;
				ENABLE_TESTABILITY = YES;
				GCC_C_LANGUAGE_STANDARD = gnu11;
				GCC_DYNAMIC_NO_PIC = NO;
				GCC_NO_COMMON_BLOCKS = YES;
				GCC_OPTIMIZATION_LEVEL = 0;
				GCC_PREPROCESSOR_DEFINITIONS = (
					"DEBUG=1",
					"$(inherited)",
				);
				GCC_WARN_64_TO_32_BIT_CONVERSION = YES;
				GCC_WARN_ABOUT_RETURN_TYPE = YES_ERROR;
				GCC_WARN_UNDECLARED_SELECTOR = YES;
				GCC_WARN_UNINITIALIZED_AUTOS = YES_AGGRESSIVE;
				GCC_WARN_UNUSED_FUNCTION = YES;
				GCC_WARN_UNUSED_VARIABLE = YES;
				IPHONEOS_DEPLOYMENT_TARGET = 12.1;
				MTL_ENABLE_DEBUG_INFO = INCLUDE_SOURCE;
				MTL_FAST_MATH = YES;
				ONLY_ACTIVE_ARCH = YES;
				SDKROOT = iphoneos;
				SWIFT_ACTIVE_COMPILATION_CONDITIONS = DEBUG;
				SWIFT_OPTIMIZATION_LEVEL = "-Onone";
			};
			name = Debug;
		};
		AAB5933C22A4F1C100FE4735 /* Release */ = {
			isa = XCBuildConfiguration;
			buildSettings = {
				ALWAYS_SEARCH_USER_PATHS = NO;
				CLANG_ANALYZER_NONNULL = YES;
				CLANG_ANALYZER_NUMBER_OBJECT_CONVERSION = YES_AGGRESSIVE;
				CLANG_CXX_LANGUAGE_STANDARD = "gnu++14";
				CLANG_CXX_LIBRARY = "libc++";
				CLANG_ENABLE_MODULES = YES;
				CLANG_ENABLE_OBJC_ARC = YES;
				CLANG_ENABLE_OBJC_WEAK = YES;
				CLANG_WARN_BLOCK_CAPTURE_AUTORELEASING = YES;
				CLANG_WARN_BOOL_CONVERSION = YES;
				CLANG_WARN_COMMA = YES;
				CLANG_WARN_CONSTANT_CONVERSION = YES;
				CLANG_WARN_DEPRECATED_OBJC_IMPLEMENTATIONS = YES;
				CLANG_WARN_DIRECT_OBJC_ISA_USAGE = YES_ERROR;
				CLANG_WARN_DOCUMENTATION_COMMENTS = YES;
				CLANG_WARN_EMPTY_BODY = YES;
				CLANG_WARN_ENUM_CONVERSION = YES;
				CLANG_WARN_INFINITE_RECURSION = YES;
				CLANG_WARN_INT_CONVERSION = YES;
				CLANG_WARN_NON_LITERAL_NULL_CONVERSION = YES;
				CLANG_WARN_OBJC_IMPLICIT_RETAIN_SELF = YES;
				CLANG_WARN_OBJC_LITERAL_CONVERSION = YES;
				CLANG_WARN_OBJC_ROOT_CLASS = YES_ERROR;
				CLANG_WARN_RANGE_LOOP_ANALYSIS = YES;
				CLANG_WARN_STRICT_PROTOTYPES = YES;
				CLANG_WARN_SUSPICIOUS_MOVE = YES;
				CLANG_WARN_UNGUARDED_AVAILABILITY = YES_AGGRESSIVE;
				CLANG_WARN_UNREACHABLE_CODE = YES;
				CLANG_WARN__DUPLICATE_METHOD_MATCH = YES;
				CODE_SIGN_IDENTITY = "iPhone Developer";
				COPY_PHASE_STRIP = NO;
				DEBUG_INFORMATION_FORMAT = "dwarf-with-dsym";
				ENABLE_NS_ASSERTIONS = NO;
				ENABLE_STRICT_OBJC_MSGSEND = YES;
				GCC_C_LANGUAGE_STANDARD = gnu11;
				GCC_NO_COMMON_BLOCKS = YES;
				GCC_WARN_64_TO_32_BIT_CONVERSION = YES;
				GCC_WARN_ABOUT_RETURN_TYPE = YES_ERROR;
				GCC_WARN_UNDECLARED_SELECTOR = YES;
				GCC_WARN_UNINITIALIZED_AUTOS = YES_AGGRESSIVE;
				GCC_WARN_UNUSED_FUNCTION = YES;
				GCC_WARN_UNUSED_VARIABLE = YES;
				IPHONEOS_DEPLOYMENT_TARGET = 12.1;
				MTL_ENABLE_DEBUG_INFO = NO;
				MTL_FAST_MATH = YES;
				SDKROOT = iphoneos;
				SWIFT_COMPILATION_MODE = wholemodule;
				SWIFT_OPTIMIZATION_LEVEL = "-O";
				VALIDATE_PRODUCT = YES;
			};
			name = Release;
		};
		AAB5933E22A4F1C100FE4735 /* Debug */ = {
			isa = XCBuildConfiguration;
			buildSettings = {
				ASSETCATALOG_COMPILER_APPICON_NAME = AppIcon;
				CODE_SIGN_STYLE = Manual;
				DEVELOPMENT_TEAM = "";
				INFOPLIST_FILE = LinearModelSample/Info.plist;
				LD_RUNPATH_SEARCH_PATHS = (
					"$(inherited)",
					"@executable_path/Frameworks",
				);
				PRODUCT_BUNDLE_IDENTIFIER = org.tensorflow.LinearModelSample;
				PRODUCT_NAME = "$(TARGET_NAME)";
				PROVISIONING_PROFILE_SPECIFIER = "";
				SWIFT_VERSION = 4.2;
				TARGETED_DEVICE_FAMILY = 1;
			};
			name = Debug;
		};
		AAB5933F22A4F1C100FE4735 /* Release */ = {
			isa = XCBuildConfiguration;
			buildSettings = {
				ASSETCATALOG_COMPILER_APPICON_NAME = AppIcon;
				CODE_SIGN_STYLE = Manual;
				DEVELOPMENT_TEAM = "";
				INFOPLIST_FILE = LinearModelSample/Info.plist;
				LD_RUNPATH_SEARCH_PATHS = (
					"$(inherited)",
					"@executable_path/Frameworks",
				);
				PRODUCT_BUNDLE_IDENTIFIER = org.tensorflow.LinearModelSample;
				PRODUCT_NAME = "$(TARGET_NAME)";
				PROVISIONING_PROFILE_SPECIFIER = "";
				SWIFT_VERSION = 4.2;
				TARGETED_DEVICE_FAMILY = 1;
			};
			name = Release;
		};
/* End XCBuildConfiguration section */

/* Begin XCConfigurationList section */
		AAB5932622A4F1BF00FE4735 /* Build configuration list for PBXProject "LinearModelSample" */ = {
			isa = XCConfigurationList;
			buildConfigurations = (
				AAB5933B22A4F1C100FE4735 /* Debug */,
				AAB5933C22A4F1C100FE4735 /* Release */,
			);
			defaultConfigurationIsVisible = 0;
			defaultConfigurationName = Release;
		};
		AAB5933D22A4F1C100FE4735 /* Build configuration list for PBXNativeTarget "LinearModelSample" */ = {
			isa = XCConfigurationList;
			buildConfigurations = (
				AAB5933E22A4F1C100FE4735 /* Debug */,
				AAB5933F22A4F1C100FE4735 /* Release */,
			);
			defaultConfigurationIsVisible = 0;
			defaultConfigurationName = Release;
		};
/* End XCConfigurationList section */
	};
	rootObject = AAB5932322A4F1BF00FE4735 /* Project object */;
}
