// !$*UTF8*$!
{
	archiveVersion = 1;
	classes = {
	};
	objectVersion = 50;
	objects = {

/* Begin PBXBuildFile section */
		AA1D8DA522C0DF38003E7FF0 /* Assets.xcassets in Resources */ = {isa = PBXBuildFile; fileRef = AA1D8DA422C0DF38003E7FF0 /* Assets.xcassets */; };
		AA1D8DB522C0E09C003E7FF0 /* ModelDataHandler.swift in Sources */ = {isa = PBXBuildFile; fileRef = AA1D8DB422C0E09C003E7FF0 /* ModelDataHandler.swift */; };
		AA1D8DB722C0E0B1003E7FF0 /* ViewController.swift in Sources */ = {isa = PBXBuildFile; fileRef = AA1D8DB622C0E0B1003E7FF0 /* ViewController.swift */; };
		AA6222C922DDCC870008F0C0 /* LaunchScreen.storyboard in Resources */ = {isa = PBXBuildFile; fileRef = AA6222C522DDCC860008F0C0 /* LaunchScreen.storyboard */; };
		AA6222CA22DDCC870008F0C0 /* Main.storyboard in Resources */ = {isa = PBXBuildFile; fileRef = AA6222C722DDCC860008F0C0 /* Main.storyboard */; };
		AA6222CD22DDD9210008F0C0 /* AppDelegate.swift in Sources */ = {isa = PBXBuildFile; fileRef = AA6222CC22DDD9210008F0C0 /* AppDelegate.swift */; };
		AA6222E222DDF9290008F0C0 /* UIImageExtension.swift in Sources */ = {isa = PBXBuildFile; fileRef = AA6222E122DDF9290008F0C0 /* UIImageExtension.swift */; };
		AA6222E522DDF9660008F0C0 /* ImageCell.swift in Sources */ = {isa = PBXBuildFile; fileRef = AA6222E422DDF9660008F0C0 /* ImageCell.swift */; };
		AAF0B94222C22D8A005A8CFB /* fashion_mnist.tflite in Resources */ = {isa = PBXBuildFile; fileRef = AAF0B94022C22D8A005A8CFB /* fashion_mnist.tflite */; };
		AAF0B94322C22D8A005A8CFB /* labels.txt in Resources */ = {isa = PBXBuildFile; fileRef = AAF0B94122C22D8A005A8CFB /* labels.txt */; };
/* End PBXBuildFile section */

/* Begin PBXFileReference section */
		AA1D8D9A22C0DF36003E7FF0 /* FashinMNISTSample.app */ = {isa = PBXFileReference; explicitFileType = wrapper.application; includeInIndex = 0; path = FashinMNISTSample.app; sourceTree = BUILT_PRODUCTS_DIR; };
		AA1D8DA422C0DF38003E7FF0 /* Assets.xcassets */ = {isa = PBXFileReference; lastKnownFileType = folder.assetcatalog; path = Assets.xcassets; sourceTree = "<group>"; };
		AA1D8DA922C0DF38003E7FF0 /* Info.plist */ = {isa = PBXFileReference; lastKnownFileType = text.plist.xml; path = Info.plist; sourceTree = "<group>"; };
		AA1D8DB422C0E09C003E7FF0 /* ModelDataHandler.swift */ = {isa = PBXFileReference; fileEncoding = 4; lastKnownFileType = sourcecode.swift; path = ModelDataHandler.swift; sourceTree = "<group>"; };
		AA1D8DB622C0E0B1003E7FF0 /* ViewController.swift */ = {isa = PBXFileReference; fileEncoding = 4; lastKnownFileType = sourcecode.swift; path = ViewController.swift; sourceTree = "<group>"; };
		AA6222C622DDCC860008F0C0 /* Base */ = {isa = PBXFileReference; lastKnownFileType = file.storyboard; name = Base; path = Base.lproj/LaunchScreen.storyboard; sourceTree = "<group>"; };
		AA6222C822DDCC860008F0C0 /* Base */ = {isa = PBXFileReference; lastKnownFileType = file.storyboard; name = Base; path = Base.lproj/Main.storyboard; sourceTree = "<group>"; };
		AA6222CC22DDD9210008F0C0 /* AppDelegate.swift */ = {isa = PBXFileReference; fileEncoding = 4; lastKnownFileType = sourcecode.swift; path = AppDelegate.swift; sourceTree = "<group>"; };
		AA6222E122DDF9290008F0C0 /* UIImageExtension.swift */ = {isa = PBXFileReference; fileEncoding = 4; lastKnownFileType = sourcecode.swift; path = UIImageExtension.swift; sourceTree = "<group>"; };
		AA6222E422DDF9660008F0C0 /* ImageCell.swift */ = {isa = PBXFileReference; fileEncoding = 4; lastKnownFileType = sourcecode.swift; path = ImageCell.swift; sourceTree = "<group>"; };
		AAF0B94022C22D8A005A8CFB /* fashion_mnist.tflite */ = {isa = PBXFileReference; lastKnownFileType = file; path = fashion_mnist.tflite; sourceTree = "<group>"; };
		AAF0B94122C22D8A005A8CFB /* labels.txt */ = {isa = PBXFileReference; fileEncoding = 4; lastKnownFileType = text; path = labels.txt; sourceTree = "<group>"; };
/* End PBXFileReference section */

/* Begin PBXFrameworksBuildPhase section */
		AA1D8D9722C0DF36003E7FF0 /* Frameworks */ = {
			isa = PBXFrameworksBuildPhase;
			buildActionMask = 2147483647;
			files = (
			);
			runOnlyForDeploymentPostprocessing = 0;
		};
/* End PBXFrameworksBuildPhase section */

/* Begin PBXGroup section */
		55997A5062EBCA708B94B2F4 /* Frameworks */ = {
			isa = PBXGroup;
			children = (
			);
			name = Frameworks;
			sourceTree = "<group>";
		};
		AA1D8D9122C0DF36003E7FF0 = {
			isa = PBXGroup;
			children = (
				AA1D8D9C22C0DF36003E7FF0 /* FashinMNISTSample */,
				AA1D8D9B22C0DF36003E7FF0 /* Products */,
				55997A5062EBCA708B94B2F4 /* Frameworks */,
			);
			sourceTree = "<group>";
		};
		AA1D8D9B22C0DF36003E7FF0 /* Products */ = {
			isa = PBXGroup;
			children = (
				AA1D8D9A22C0DF36003E7FF0 /* FashinMNISTSample.app */,
			);
			name = Products;
			sourceTree = "<group>";
		};
		AA1D8D9C22C0DF36003E7FF0 /* FashinMNISTSample */ = {
			isa = PBXGroup;
			children = (
				AA6222E022DDF9290008F0C0 /* Extensions */,
				AA6222E322DDF9660008F0C0 /* Cells */,
				AA6222C422DDCC860008F0C0 /* StoryBoards */,
				AA6222CB22DDD9210008F0C0 /* AppDelegate */,
				AA6222BD22DDA6FC0008F0C0 /* ModelDataHandler */,
				AA6222BC22DDA6E20008F0C0 /* ViewController */,
				AA1D8DAF22C0E06E003E7FF0 /* Model */,
				AA1D8DA422C0DF38003E7FF0 /* Assets.xcassets */,
				AA1D8DA922C0DF38003E7FF0 /* Info.plist */,
			);
			path = FashinMNISTSample;
			sourceTree = "<group>";
		};
		AA1D8DAF22C0E06E003E7FF0 /* Model */ = {
			isa = PBXGroup;
			children = (
				AAF0B94022C22D8A005A8CFB /* fashion_mnist.tflite */,
				AAF0B94122C22D8A005A8CFB /* labels.txt */,
			);
			path = Model;
			sourceTree = "<group>";
		};
		AA6222BC22DDA6E20008F0C0 /* ViewController */ = {
			isa = PBXGroup;
			children = (
				AA1D8DB622C0E0B1003E7FF0 /* ViewController.swift */,
			);
			path = ViewController;
			sourceTree = "<group>";
		};
		AA6222BD22DDA6FC0008F0C0 /* ModelDataHandler */ = {
			isa = PBXGroup;
			children = (
				AA1D8DB422C0E09C003E7FF0 /* ModelDataHandler.swift */,
			);
			path = ModelDataHandler;
			sourceTree = "<group>";
		};
		AA6222C422DDCC860008F0C0 /* StoryBoards */ = {
			isa = PBXGroup;
			children = (
				AA6222C522DDCC860008F0C0 /* LaunchScreen.storyboard */,
				AA6222C722DDCC860008F0C0 /* Main.storyboard */,
			);
			path = StoryBoards;
			sourceTree = "<group>";
		};
		AA6222CB22DDD9210008F0C0 /* AppDelegate */ = {
			isa = PBXGroup;
			children = (
				AA6222CC22DDD9210008F0C0 /* AppDelegate.swift */,
			);
			path = AppDelegate;
			sourceTree = "<group>";
		};
		AA6222E022DDF9290008F0C0 /* Extensions */ = {
			isa = PBXGroup;
			children = (
				AA6222E122DDF9290008F0C0 /* UIImageExtension.swift */,
			);
			name = Extensions;
			path = FashinMNISTSample/Extensions;
			sourceTree = SOURCE_ROOT;
		};
		AA6222E322DDF9660008F0C0 /* Cells */ = {
			isa = PBXGroup;
			children = (
				AA6222E422DDF9660008F0C0 /* ImageCell.swift */,
			);
			path = Cells;
			sourceTree = "<group>";
		};
/* End PBXGroup section */

/* Begin PBXNativeTarget section */
		AA1D8D9922C0DF36003E7FF0 /* FashinMNISTSample */ = {
			isa = PBXNativeTarget;
			buildConfigurationList = AA1D8DAC22C0DF38003E7FF0 /* Build configuration list for PBXNativeTarget "FashinMNISTSample" */;
			buildPhases = (
				AA1D8D9622C0DF36003E7FF0 /* Sources */,
				AA1D8D9722C0DF36003E7FF0 /* Frameworks */,
				AA1D8D9822C0DF36003E7FF0 /* Resources */,
			);
			buildRules = (
			);
			dependencies = (
			);
			name = FashinMNISTSample;
			productName = FashinMNISTSample;
			productReference = AA1D8D9A22C0DF36003E7FF0 /* FashinMNISTSample.app */;
			productType = "com.apple.product-type.application";
		};
/* End PBXNativeTarget section */

/* Begin PBXProject section */
		AA1D8D9222C0DF36003E7FF0 /* Project object */ = {
			isa = PBXProject;
			attributes = {
				LastSwiftUpdateCheck = 1010;
				LastUpgradeCheck = 1010;
				ORGANIZATIONNAME = "Y Media Labs";
				TargetAttributes = {
					AA1D8D9922C0DF36003E7FF0 = {
						CreatedOnToolsVersion = 10.1;
					};
				};
			};
			buildConfigurationList = AA1D8D9522C0DF36003E7FF0 /* Build configuration list for PBXProject "FashinMNISTSample" */;
			compatibilityVersion = "Xcode 9.3";
			developmentRegion = en;
			hasScannedForEncodings = 0;
			knownRegions = (
				en,
				Base,
			);
			mainGroup = AA1D8D9122C0DF36003E7FF0;
			productRefGroup = AA1D8D9B22C0DF36003E7FF0 /* Products */;
			projectDirPath = "";
			projectRoot = "";
			targets = (
				AA1D8D9922C0DF36003E7FF0 /* FashinMNISTSample */,
			);
		};
/* End PBXProject section */

/* Begin PBXResourcesBuildPhase section */
		AA1D8D9822C0DF36003E7FF0 /* Resources */ = {
			isa = PBXResourcesBuildPhase;
			buildActionMask = 2147483647;
			files = (
				AAF0B94322C22D8A005A8CFB /* labels.txt in Resources */,
				AA1D8DA522C0DF38003E7FF0 /* Assets.xcassets in Resources */,
				AAF0B94222C22D8A005A8CFB /* fashion_mnist.tflite in Resources */,
				AA6222CA22DDCC870008F0C0 /* Main.storyboard in Resources */,
				AA6222C922DDCC870008F0C0 /* LaunchScreen.storyboard in Resources */,
			);
			runOnlyForDeploymentPostprocessing = 0;
		};
/* End PBXResourcesBuildPhase section */

/* Begin PBXSourcesBuildPhase section */
		AA1D8D9622C0DF36003E7FF0 /* Sources */ = {
			isa = PBXSourcesBuildPhase;
			buildActionMask = 2147483647;
			files = (
				AA1D8DB722C0E0B1003E7FF0 /* ViewController.swift in Sources */,
				AA6222CD22DDD9210008F0C0 /* AppDelegate.swift in Sources */,
				AA6222E222DDF9290008F0C0 /* UIImageExtension.swift in Sources */,
				AA1D8DB522C0E09C003E7FF0 /* ModelDataHandler.swift in Sources */,
				AA6222E522DDF9660008F0C0 /* ImageCell.swift in Sources */,
			);
			runOnlyForDeploymentPostprocessing = 0;
		};
/* End PBXSourcesBuildPhase section */

/* Begin PBXVariantGroup section */
		AA6222C522DDCC860008F0C0 /* LaunchScreen.storyboard */ = {
			isa = PBXVariantGroup;
			children = (
				AA6222C622DDCC860008F0C0 /* Base */,
			);
			name = LaunchScreen.storyboard;
			sourceTree = "<group>";
		};
		AA6222C722DDCC860008F0C0 /* Main.storyboard */ = {
			isa = PBXVariantGroup;
			children = (
				AA6222C822DDCC860008F0C0 /* Base */,
			);
			name = Main.storyboard;
			sourceTree = "<group>";
		};
/* End PBXVariantGroup section */

/* Begin XCBuildConfiguration section */
		AA1D8DAA22C0DF38003E7FF0 /* Debug */ = {
			isa = XCBuildConfiguration;
			buildSettings = {
				ALWAYS_SEARCH_USER_PATHS = NO;
				CLANG_ANALYZER_NONNULL = YES;
				CLANG_ANALYZER_NUMBER_OBJECT_CONVERSION = YES_AGGRESSIVE;
				CLANG_CXX_LANGUAGE_STANDARD = "gnu++14";
				CLANG_CXX_LIBRARY = "libc++";
				CLANG_ENABLE_MODULES = YES;
				CLANG_ENABLE_OBJC_ARC = YES;
				CLANG_ENABLE_OBJC_WEAK = YES;
				CLANG_WARN_BLOCK_CAPTURE_AUTORELEASING = YES;
				CLANG_WARN_BOOL_CONVERSION = YES;
				CLANG_WARN_COMMA = YES;
				CLANG_WARN_CONSTANT_CONVERSION = YES;
				CLANG_WARN_DEPRECATED_OBJC_IMPLEMENTATIONS = YES;
				CLANG_WARN_DIRECT_OBJC_ISA_USAGE = YES_ERROR;
				CLANG_WARN_DOCUMENTATION_COMMENTS = YES;
				CLANG_WARN_EMPTY_BODY = YES;
				CLANG_WARN_ENUM_CONVERSION = YES;
				CLANG_WARN_INFINITE_RECURSION = YES;
				CLANG_WARN_INT_CONVERSION = YES;
				CLANG_WARN_NON_LITERAL_NULL_CONVERSION = YES;
				CLANG_WARN_OBJC_IMPLICIT_RETAIN_SELF = YES;
				CLANG_WARN_OBJC_LITERAL_CONVERSION = YES;
				CLANG_WARN_OBJC_ROOT_CLASS = YES_ERROR;
				CLANG_WARN_RANGE_LOOP_ANALYSIS = YES;
				CLANG_WARN_STRICT_PROTOTYPES = YES;
				CLANG_WARN_SUSPICIOUS_MOVE = YES;
				CLANG_WARN_UNGUARDED_AVAILABILITY = YES_AGGRESSIVE;
				CLANG_WARN_UNREACHABLE_CODE = YES;
				CLANG_WARN__DUPLICATE_METHOD_MATCH = YES;
				CODE_SIGN_IDENTITY = "iPhone Developer";
				COPY_PHASE_STRIP = NO;
				DEBUG_INFORMATION_FORMAT = dwarf;
				ENABLE_STRICT_OBJC_MSGSEND = YES;
				ENABLE_TESTABILITY = YES;
				GCC_C_LANGUAGE_STANDARD = gnu11;
				GCC_DYNAMIC_NO_PIC = NO;
				GCC_NO_COMMON_BLOCKS = YES;
				GCC_OPTIMIZATION_LEVEL = 0;
				GCC_PREPROCESSOR_DEFINITIONS = (
					"DEBUG=1",
					"$(inherited)",
				);
				GCC_WARN_64_TO_32_BIT_CONVERSION = YES;
				GCC_WARN_ABOUT_RETURN_TYPE = YES_ERROR;
				GCC_WARN_UNDECLARED_SELECTOR = YES;
				GCC_WARN_UNINITIALIZED_AUTOS = YES_AGGRESSIVE;
				GCC_WARN_UNUSED_FUNCTION = YES;
				GCC_WARN_UNUSED_VARIABLE = YES;
				IPHONEOS_DEPLOYMENT_TARGET = 12.1;
				MTL_ENABLE_DEBUG_INFO = INCLUDE_SOURCE;
				MTL_FAST_MATH = YES;
				ONLY_ACTIVE_ARCH = YES;
				SDKROOT = iphoneos;
				SWIFT_ACTIVE_COMPILATION_CONDITIONS = DEBUG;
				SWIFT_OPTIMIZATION_LEVEL = "-Onone";
			};
			name = Debug;
		};
		AA1D8DAB22C0DF38003E7FF0 /* Release */ = {
			isa = XCBuildConfiguration;
			buildSettings = {
				ALWAYS_SEARCH_USER_PATHS = NO;
				CLANG_ANALYZER_NONNULL = YES;
				CLANG_ANALYZER_NUMBER_OBJECT_CONVERSION = YES_AGGRESSIVE;
				CLANG_CXX_LANGUAGE_STANDARD = "gnu++14";
				CLANG_CXX_LIBRARY = "libc++";
				CLANG_ENABLE_MODULES = YES;
				CLANG_ENABLE_OBJC_ARC = YES;
				CLANG_ENABLE_OBJC_WEAK = YES;
				CLANG_WARN_BLOCK_CAPTURE_AUTORELEASING = YES;
				CLANG_WARN_BOOL_CONVERSION = YES;
				CLANG_WARN_COMMA = YES;
				CLANG_WARN_CONSTANT_CONVERSION = YES;
				CLANG_WARN_DEPRECATED_OBJC_IMPLEMENTATIONS = YES;
				CLANG_WARN_DIRECT_OBJC_ISA_USAGE = YES_ERROR;
				CLANG_WARN_DOCUMENTATION_COMMENTS = YES;
				CLANG_WARN_EMPTY_BODY = YES;
				CLANG_WARN_ENUM_CONVERSION = YES;
				CLANG_WARN_INFINITE_RECURSION = YES;
				CLANG_WARN_INT_CONVERSION = YES;
				CLANG_WARN_NON_LITERAL_NULL_CONVERSION = YES;
				CLANG_WARN_OBJC_IMPLICIT_RETAIN_SELF = YES;
				CLANG_WARN_OBJC_LITERAL_CONVERSION = YES;
				CLANG_WARN_OBJC_ROOT_CLASS = YES_ERROR;
				CLANG_WARN_RANGE_LOOP_ANALYSIS = YES;
				CLANG_WARN_STRICT_PROTOTYPES = YES;
				CLANG_WARN_SUSPICIOUS_MOVE = YES;
				CLANG_WARN_UNGUARDED_AVAILABILITY = YES_AGGRESSIVE;
				CLANG_WARN_UNREACHABLE_CODE = YES;
				CLANG_WARN__DUPLICATE_METHOD_MATCH = YES;
				CODE_SIGN_IDENTITY = "iPhone Developer";
				COPY_PHASE_STRIP = NO;
				DEBUG_INFORMATION_FORMAT = "dwarf-with-dsym";
				ENABLE_NS_ASSERTIONS = NO;
				ENABLE_STRICT_OBJC_MSGSEND = YES;
				GCC_C_LANGUAGE_STANDARD = gnu11;
				GCC_NO_COMMON_BLOCKS = YES;
				GCC_WARN_64_TO_32_BIT_CONVERSION = YES;
				GCC_WARN_ABOUT_RETURN_TYPE = YES_ERROR;
				GCC_WARN_UNDECLARED_SELECTOR = YES;
				GCC_WARN_UNINITIALIZED_AUTOS = YES_AGGRESSIVE;
				GCC_WARN_UNUSED_FUNCTION = YES;
				GCC_WARN_UNUSED_VARIABLE = YES;
				IPHONEOS_DEPLOYMENT_TARGET = 12.1;
				MTL_ENABLE_DEBUG_INFO = NO;
				MTL_FAST_MATH = YES;
				SDKROOT = iphoneos;
				SWIFT_COMPILATION_MODE = wholemodule;
				SWIFT_OPTIMIZATION_LEVEL = "-O";
				VALIDATE_PRODUCT = YES;
			};
			name = Release;
		};
		AA1D8DAD22C0DF38003E7FF0 /* Debug */ = {
			isa = XCBuildConfiguration;
			buildSettings = {
				ASSETCATALOG_COMPILER_APPICON_NAME = AppIcon;
				CODE_SIGN_STYLE = Manual;
				DEVELOPMENT_TEAM = "";
				INFOPLIST_FILE = FashinMNISTSample/Info.plist;
				LD_RUNPATH_SEARCH_PATHS = (
					"$(inherited)",
					"@executable_path/Frameworks",
				);
				PRODUCT_BUNDLE_IDENTIFIER = org.tensorflow.FashinMNISTSample;
				PRODUCT_NAME = "$(TARGET_NAME)";
				PROVISIONING_PROFILE_SPECIFIER = "";
				SWIFT_VERSION = 4.2;
				TARGETED_DEVICE_FAMILY = 1;
			};
			name = Debug;
		};
		AA1D8DAE22C0DF38003E7FF0 /* Release */ = {
			isa = XCBuildConfiguration;
			buildSettings = {
				ASSETCATALOG_COMPILER_APPICON_NAME = AppIcon;
				CODE_SIGN_STYLE = Manual;
				DEVELOPMENT_TEAM = "";
				INFOPLIST_FILE = FashinMNISTSample/Info.plist;
				LD_RUNPATH_SEARCH_PATHS = (
					"$(inherited)",
					"@executable_path/Frameworks",
				);
				PRODUCT_BUNDLE_IDENTIFIER = org.tensorflow.FashinMNISTSample;
				PRODUCT_NAME = "$(TARGET_NAME)";
				PROVISIONING_PROFILE_SPECIFIER = "";
				SWIFT_VERSION = 4.2;
				TARGETED_DEVICE_FAMILY = 1;
			};
			name = Release;
		};
/* End XCBuildConfiguration section */

/* Begin XCConfigurationList section */
		AA1D8D9522C0DF36003E7FF0 /* Build configuration list for PBXProject "FashinMNISTSample" */ = {
			isa = XCConfigurationList;
			buildConfigurations = (
				AA1D8DAA22C0DF38003E7FF0 /* Debug */,
				AA1D8DAB22C0DF38003E7FF0 /* Release */,
			);
			defaultConfigurationIsVisible = 0;
			defaultConfigurationName = Release;
		};
		AA1D8DAC22C0DF38003E7FF0 /* Build configuration list for PBXNativeTarget "FashinMNISTSample" */ = {
			isa = XCConfigurationList;
			buildConfigurations = (
				AA1D8DAD22C0DF38003E7FF0 /* Debug */,
				AA1D8DAE22C0DF38003E7FF0 /* Release */,
			);
			defaultConfigurationIsVisible = 0;
			defaultConfigurationName = Release;
		};
/* End XCConfigurationList section */
	};
	rootObject = AA1D8D9222C0DF36003E7FF0 /* Project object */;
}
